
Microsoft Visual Studio Solution File, Format Version 12.00
# Visual Studio Version 17
VisualStudioVersion = 17.8.34322.80
MinimumVisualStudioVersion = 10.0.40219.1
Project("{FAE04EC0-301F-11D3-BF4B-00C04F79EFBC}") = "Zadacha 1", "Zadacha 1\Zadacha 1.csproj", "{A20033AC-4AD2-4464-9FF1-050767F9AD62}"
EndProject
Project("{FAE04EC0-301F-11D3-BF4B-00C04F79EFBC}") = "Zadacha 2", "Zadacha 2\Zadacha 2.csproj", "{E20D2BCE-C63A-4A93-81D8-C75DEF0DBCEB}"
EndProject
Project("{FAE04EC0-301F-11D3-BF4B-00C04F79EFBC}") = "Zadacha 3", "Zadacha 3\Zadacha 3.csproj", "{57165A58-DCB9-4B8D-B137-28BE57395D20}"
EndProject
Global
	GlobalSection(SolutionConfigurationPlatforms) = preSolution
		Debug|Any CPU = Debug|Any CPU
		Release|Any CPU = Release|Any CPU
	EndGlobalSection
	GlobalSection(ProjectConfigurationPlatforms) = postSolution
		{A20033AC-4AD2-4464-9FF1-050767F9AD62}.Debug|Any CPU.ActiveCfg = Debug|Any CPU
		{A20033AC-4AD2-4464-9FF1-050767F9AD62}.Debug|Any CPU.Build.0 = Debug|Any CPU
		{A20033AC-4AD2-4464-9FF1-050767F9AD62}.Release|Any CPU.ActiveCfg = Release|Any CPU
		{A20033AC-4AD2-4464-9FF1-050767F9AD62}.Release|Any CPU.Build.0 = Release|Any CPU
		{E20D2BCE-C63A-4A93-81D8-C75DEF0DBCEB}.Debug|Any CPU.ActiveCfg = Debug|Any CPU
		{E20D2BCE-C63A-4A93-81D8-C75DEF0DBCEB}.Debug|Any CPU.Build.0 = Debug|Any CPU
		{E20D2BCE-C63A-4A93-81D8-C75DEF0DBCEB}.Release|Any CPU.ActiveCfg = Release|Any CPU
		{E20D2BCE-C63A-4A93-81D8-C75DEF0DBCEB}.Release|Any CPU.Build.0 = Release|Any CPU
		{57165A58-DCB9-4B8D-B137-28BE57395D20}.Debug|Any CPU.ActiveCfg = Debug|Any CPU
		{57165A58-DCB9-4B8D-B137-28BE57395D20}.Debug|Any CPU.Build.0 = Debug|Any CPU
		{57165A58-DCB9-4B8D-B137-28BE57395D20}.Release|Any CPU.ActiveCfg = Release|Any CPU
		{57165A58-DCB9-4B8D-B137-28BE57395D20}.Release|Any CPU.Build.0 = Release|Any CPU
	EndGlobalSection
	GlobalSection(SolutionProperties) = preSolution
		HideSolutionNode = FALSE
	EndGlobalSection
	GlobalSection(ExtensibilityGlobals) = postSolution
		SolutionGuid = {02D7ED48-7E83-45CD-AE87-059F528FBDF2}
	EndGlobalSection
EndGlobal
